
Microsoft Visual Studio Solution File, Format Version 12.00
# Visual Studio Version 17
VisualStudioVersion = 17.5.002.0
MinimumVisualStudioVersion = 10.0.40219.1
Project("{FAE04EC0-301F-11D3-BF4B-00C04F79EFBC}") = "DecoratorDPCSharp", "DecoratorDPCSharp\DecoratorDPCSharp.csproj", "{42BD065C-1818-454F-98D2-5B776B7C93B0}"
EndProject
Global
	GlobalSection(SolutionConfigurationPlatforms) = preSolution
		Debug|Any CPU = Debug|Any CPU
		Release|Any CPU = Release|Any CPU
	EndGlobalSection
	GlobalSection(ProjectConfigurationPlatforms) = postSolution
		{D2F149E1-05B5-4534-A040-102D42B03357}.Debug|Any CPU.ActiveCfg = Debug|Any CPU
		{D2F149E1-05B5-4534-A040-102D42B03357}.Debug|Any CPU.Build.0 = Debug|Any CPU
		{D2F149E1-05B5-4534-A040-102D42B03357}.Release|Any CPU.ActiveCfg = Release|Any CPU
		{D2F149E1-05B5-4534-A040-102D42B03357}.Release|Any CPU.Build.0 = Release|Any CPU
		{42BD065C-1818-454F-98D2-5B776B7C93B0}.Debug|Any CPU.ActiveCfg = Debug|Any CPU
		{42BD065C-1818-454F-98D2-5B776B7C93B0}.Debug|Any CPU.Build.0 = Debug|Any CPU
		{42BD065C-1818-454F-98D2-5B776B7C93B0}.Release|Any CPU.ActiveCfg = Release|Any CPU
		{42BD065C-1818-454F-98D2-5B776B7C93B0}.Release|Any CPU.Build.0 = Release|Any CPU
	EndGlobalSection
	GlobalSection(SolutionProperties) = preSolution
		HideSolutionNode = FALSE
	EndGlobalSection
	GlobalSection(ExtensibilityGlobals) = postSolution
		SolutionGuid = {99197EF9-4733-4FA5-97E7-C126892FDFD7}
	EndGlobalSection
EndGlobal
